
Microsoft Visual Studio Solution File, Format Version 12.00
Project("{FAE04EC0-301F-11D3-BF4B-00C04F79EFBC}") = "Todos", "src\Todos\Todos.csproj", "{4E6D8981-D9BC-438D-AA78-C85B9E036393}"
EndProject
Project("{FAE04EC0-301F-11D3-BF4B-00C04F79EFBC}") = "Host", "src\Host\Host.csproj", "{763C34B2-6C5A-4949-94BC-E841D14841AA}"
EndProject
Project("{FAE04EC0-301F-11D3-BF4B-00C04F79EFBC}") = "SharedKernel", "src\SharedKernel\SharedKernel.csproj", "{B2681AB4-FC18-4C32-8200-1E8FB1348953}"
EndProject
Project("{FAE04EC0-301F-11D3-BF4B-00C04F79EFBC}") = "SwaggerExamples", "src/SwaggerExamples\SwaggerExamples.csproj", "{35AC2F8B-CCB9-4414-B8DC-56C7D7396BE3}"
EndProject
Project("{FAE04EC0-301F-11D3-BF4B-00C04F79EFBC}") = "ApiKafka1", "ApiKafka1\ApiKafka1.csproj", "{3B717991-B415-409A-9BDF-F6BBD6660D4E}"
EndProject
Project("{FAE04EC0-301F-11D3-BF4B-00C04F79EFBC}") = "ApiKafka2", "ApiKafka2\ApiKafka2.csproj", "{691DC6A2-3EE4-4D80-95C0-9DC204A9246B}"
EndProject
Project("{FAE04EC0-301F-11D3-BF4B-00C04F79EFBC}") = "ManualWolverineHandlerRegistration", "ManualWolverineHandlerRegistration\ManualWolverineHandlerRegistration.csproj", "{CF1E6768-FBE3-42FD-A4F8-314BC3160162}"
EndProject
Global
	GlobalSection(SolutionConfigurationPlatforms) = preSolution
		Debug|Any CPU = Debug|Any CPU
		Release|Any CPU = Release|Any CPU
	EndGlobalSection
	GlobalSection(ProjectConfigurationPlatforms) = postSolution
		{4E6D8981-D9BC-438D-AA78-C85B9E036393}.Debug|Any CPU.ActiveCfg = Debug|Any CPU
		{4E6D8981-D9BC-438D-AA78-C85B9E036393}.Debug|Any CPU.Build.0 = Debug|Any CPU
		{4E6D8981-D9BC-438D-AA78-C85B9E036393}.Release|Any CPU.ActiveCfg = Release|Any CPU
		{4E6D8981-D9BC-438D-AA78-C85B9E036393}.Release|Any CPU.Build.0 = Release|Any CPU
		{763C34B2-6C5A-4949-94BC-E841D14841AA}.Debug|Any CPU.ActiveCfg = Debug|Any CPU
		{763C34B2-6C5A-4949-94BC-E841D14841AA}.Debug|Any CPU.Build.0 = Debug|Any CPU
		{763C34B2-6C5A-4949-94BC-E841D14841AA}.Release|Any CPU.ActiveCfg = Release|Any CPU
		{763C34B2-6C5A-4949-94BC-E841D14841AA}.Release|Any CPU.Build.0 = Release|Any CPU
		{B2681AB4-FC18-4C32-8200-1E8FB1348953}.Debug|Any CPU.ActiveCfg = Debug|Any CPU
		{B2681AB4-FC18-4C32-8200-1E8FB1348953}.Debug|Any CPU.Build.0 = Debug|Any CPU
		{B2681AB4-FC18-4C32-8200-1E8FB1348953}.Release|Any CPU.ActiveCfg = Release|Any CPU
		{B2681AB4-FC18-4C32-8200-1E8FB1348953}.Release|Any CPU.Build.0 = Release|Any CPU
		{35AC2F8B-CCB9-4414-B8DC-56C7D7396BE3}.Debug|Any CPU.ActiveCfg = Debug|Any CPU
		{35AC2F8B-CCB9-4414-B8DC-56C7D7396BE3}.Debug|Any CPU.Build.0 = Debug|Any CPU
		{35AC2F8B-CCB9-4414-B8DC-56C7D7396BE3}.Release|Any CPU.ActiveCfg = Release|Any CPU
		{35AC2F8B-CCB9-4414-B8DC-56C7D7396BE3}.Release|Any CPU.Build.0 = Release|Any CPU
		{3B717991-B415-409A-9BDF-F6BBD6660D4E}.Debug|Any CPU.ActiveCfg = Debug|Any CPU
		{3B717991-B415-409A-9BDF-F6BBD6660D4E}.Debug|Any CPU.Build.0 = Debug|Any CPU
		{3B717991-B415-409A-9BDF-F6BBD6660D4E}.Release|Any CPU.ActiveCfg = Release|Any CPU
		{3B717991-B415-409A-9BDF-F6BBD6660D4E}.Release|Any CPU.Build.0 = Release|Any CPU
		{691DC6A2-3EE4-4D80-95C0-9DC204A9246B}.Debug|Any CPU.ActiveCfg = Debug|Any CPU
		{691DC6A2-3EE4-4D80-95C0-9DC204A9246B}.Debug|Any CPU.Build.0 = Debug|Any CPU
		{691DC6A2-3EE4-4D80-95C0-9DC204A9246B}.Release|Any CPU.ActiveCfg = Release|Any CPU
		{691DC6A2-3EE4-4D80-95C0-9DC204A9246B}.Release|Any CPU.Build.0 = Release|Any CPU
		{CF1E6768-FBE3-42FD-A4F8-314BC3160162}.Debug|Any CPU.ActiveCfg = Debug|Any CPU
		{CF1E6768-FBE3-42FD-A4F8-314BC3160162}.Debug|Any CPU.Build.0 = Debug|Any CPU
		{CF1E6768-FBE3-42FD-A4F8-314BC3160162}.Release|Any CPU.ActiveCfg = Release|Any CPU
		{CF1E6768-FBE3-42FD-A4F8-314BC3160162}.Release|Any CPU.Build.0 = Release|Any CPU
	EndGlobalSection
EndGlobal
